// !$*UTF8*$!
{
	archiveVersion = 1;
	classes = {
	};
	objectVersion = 46;
	objects = {

/* Begin PBXBuildFile section */
		65F73EA41D294D6A004227CC /* AppDelegate.swift in Sources */ = {isa = PBXBuildFile; fileRef = 65F73EA31D294D6A004227CC /* AppDelegate.swift */; };
		65F73EA61D294D6A004227CC /* ViewController.swift in Sources */ = {isa = PBXBuildFile; fileRef = 65F73EA51D294D6A004227CC /* ViewController.swift */; };
		65F73EA91D294D6A004227CC /* Main.storyboard in Resources */ = {isa = PBXBuildFile; fileRef = 65F73EA71D294D6A004227CC /* Main.storyboard */; };
		65F73EAB1D294D6A004227CC /* Assets.xcassets in Resources */ = {isa = PBXBuildFile; fileRef = 65F73EAA1D294D6A004227CC /* Assets.xcassets */; };
		65F73EAE1D294D6A004227CC /* LaunchScreen.storyboard in Resources */ = {isa = PBXBuildFile; fileRef = 65F73EAC1D294D6A004227CC /* LaunchScreen.storyboard */; };
/* End PBXBuildFile section */

/* Begin PBXFileReference section */
		65CB4C1D1D29B2D300D2E1C1 /* README.md */ = {isa = PBXFileReference; lastKnownFileType = net.daringfireball.markdown; path = README.md; sourceTree = "<group>"; };
		65F73EA01D294D6A004227CC /* War.app */ = {isa = PBXFileReference; explicitFileType = wrapper.application; includeInIndex = 0; path = War.app; sourceTree = BUILT_PRODUCTS_DIR; };
		65F73EA31D294D6A004227CC /* AppDelegate.swift */ = {isa = PBXFileReference; lastKnownFileType = sourcecode.swift; path = AppDelegate.swift; sourceTree = "<group>"; };
		65F73EA51D294D6A004227CC /* ViewController.swift */ = {isa = PBXFileReference; lastKnownFileType = sourcecode.swift; path = ViewController.swift; sourceTree = "<group>"; };
		65F73EA81D294D6A004227CC /* Base */ = {isa = PBXFileReference; lastKnownFileType = file.storyboard; name = Base; path = Base.lproj/Main.storyboard; sourceTree = "<group>"; };
		65F73EAA1D294D6A004227CC /* Assets.xcassets */ = {isa = PBXFileReference; lastKnownFileType = folder.assetcatalog; path = Assets.xcassets; sourceTree = "<group>"; };
		65F73EAD1D294D6A004227CC /* Base */ = {isa = PBXFileReference; lastKnownFileType = file.storyboard; name = Base; path = Base.lproj/LaunchScreen.storyboard; sourceTree = "<group>"; };
		65F73EAF1D294D6A004227CC /* Info.plist */ = {isa = PBXFileReference; lastKnownFileType = text.plist.xml; path = Info.plist; sourceTree = "<group>"; };
/* End PBXFileReference section */

/* Begin PBXFrameworksBuildPhase section */
		65F73E9D1D294D6A004227CC /* Frameworks */ = {
			isa = PBXFrameworksBuildPhase;
			buildActionMask = 2147483647;
			files = (
			);
			runOnlyForDeploymentPostprocessing = 0;
		};
/* End PBXFrameworksBuildPhase section */

/* Begin PBXGroup section */
		65F73E971D294D6A004227CC = {
			isa = PBXGroup;
			children = (
				65CB4C1D1D29B2D300D2E1C1 /* README.md */,
				65F73EA21D294D6A004227CC /* War */,
				65F73EA11D294D6A004227CC /* Products */,
			);
			sourceTree = "<group>";
		};
		65F73EA11D294D6A004227CC /* Products */ = {
			isa = PBXGroup;
			children = (
				65F73EA01D294D6A004227CC /* War.app */,
			);
			name = Products;
			sourceTree = "<group>";
		};
		65F73EA21D294D6A004227CC /* War */ = {
			isa = PBXGroup;
			children = (
				65F73EA31D294D6A004227CC /* AppDelegate.swift */,
				65F73EA51D294D6A004227CC /* ViewController.swift */,
				65F73EA71D294D6A004227CC /* Main.storyboard */,
				65F73EAA1D294D6A004227CC /* Assets.xcassets */,
				65F73EAC1D294D6A004227CC /* LaunchScreen.storyboard */,
				65F73EAF1D294D6A004227CC /* Info.plist */,
			);
			name = War;
			path = "War Card";
			sourceTree = "<group>";
		};
/* End PBXGroup section */

/* Begin PBXNativeTarget section */
		65F73E9F1D294D6A004227CC /* War */ = {
			isa = PBXNativeTarget;
			buildConfigurationList = 65F73EB21D294D6A004227CC /* Build configuration list for PBXNativeTarget "War" */;
			buildPhases = (
				65F73E9C1D294D6A004227CC /* Sources */,
				65F73E9D1D294D6A004227CC /* Frameworks */,
				65F73E9E1D294D6A004227CC /* Resources */,
			);
			buildRules = (
			);
			dependencies = (
			);
			name = War;
			productName = "War Card";
			productReference = 65F73EA01D294D6A004227CC /* War.app */;
			productType = "com.apple.product-type.application";
		};
/* End PBXNativeTarget section */

/* Begin PBXProject section */
		65F73E981D294D6A004227CC /* Project object */ = {
			isa = PBXProject;
			attributes = {
				LastSwiftUpdateCheck = 0730;
				LastUpgradeCheck = 0730;
				ORGANIZATIONNAME = "Daniel Illescas Romero";
				TargetAttributes = {
					65F73E9F1D294D6A004227CC = {
						CreatedOnToolsVersion = 7.3.1;
						DevelopmentTeam = PRK6268SLD;
					};
				};
			};
			buildConfigurationList = 65F73E9B1D294D6A004227CC /* Build configuration list for PBXProject "War" */;
			compatibilityVersion = "Xcode 3.2";
			developmentRegion = English;
			hasScannedForEncodings = 0;
			knownRegions = (
				en,
				Base,
			);
			mainGroup = 65F73E971D294D6A004227CC;
			productRefGroup = 65F73EA11D294D6A004227CC /* Products */;
			projectDirPath = "";
			projectRoot = "";
			targets = (
				65F73E9F1D294D6A004227CC /* War */,
			);
		};
/* End PBXProject section */

/* Begin PBXResourcesBuildPhase section */
		65F73E9E1D294D6A004227CC /* Resources */ = {
			isa = PBXResourcesBuildPhase;
			buildActionMask = 2147483647;
			files = (
				65F73EAE1D294D6A004227CC /* LaunchScreen.storyboard in Resources */,
				65F73EAB1D294D6A004227CC /* Assets.xcassets in Resources */,
				65F73EA91D294D6A004227CC /* Main.storyboard in Resources */,
			);
			runOnlyForDeploymentPostprocessing = 0;
		};
/* End PBXResourcesBuildPhase section */

/* Begin PBXSourcesBuildPhase section */
		65F73E9C1D294D6A004227CC /* Sources */ = {
			isa = PBXSourcesBuildPhase;
			buildActionMask = 2147483647;
			files = (
				65F73EA61D294D6A004227CC /* ViewController.swift in Sources */,
				65F73EA41D294D6A004227CC /* AppDelegate.swift in Sources */,
			);
			runOnlyForDeploymentPostprocessing = 0;
		};
/* End PBXSourcesBuildPhase section */

/* Begin PBXVariantGroup section */
		65F73EA71D294D6A004227CC /* Main.storyboard */ = {
			isa = PBXVariantGroup;
			children = (
				65F73EA81D294D6A004227CC /* Base */,
			);
			name = Main.storyboard;
			sourceTree = "<group>";
		};
		65F73EAC1D294D6A004227CC /* LaunchScreen.storyboard */ = {
			isa = PBXVariantGroup;
			children = (
				65F73EAD1D294D6A004227CC /* Base */,
			);
			name = LaunchScreen.storyboard;
			sourceTree = "<group>";
		};
/* End PBXVariantGroup section */

/* Begin XCBuildConfiguration section */
		65F73EB01D294D6A004227CC /* Debug */ = {
			isa = XCBuildConfiguration;
			buildSettings = {
				ALWAYS_SEARCH_USER_PATHS = NO;
				CLANG_ANALYZER_NONNULL = YES;
				CLANG_CXX_LANGUAGE_STANDARD = "gnu++0x";
				CLANG_CXX_LIBRARY = "libc++";
				CLANG_ENABLE_MODULES = YES;
				CLANG_ENABLE_OBJC_ARC = YES;
				CLANG_WARN_BOOL_CONVERSION = YES;
				CLANG_WARN_CONSTANT_CONVERSION = YES;
				CLANG_WARN_DIRECT_OBJC_ISA_USAGE = YES_ERROR;
				CLANG_WARN_EMPTY_BODY = YES;
				CLANG_WARN_ENUM_CONVERSION = YES;
				CLANG_WARN_INT_CONVERSION = YES;
				CLANG_WARN_OBJC_ROOT_CLASS = YES_ERROR;
				CLANG_WARN_UNREACHABLE_CODE = YES;
				CLANG_WARN__DUPLICATE_METHOD_MATCH = YES;
				"CODE_SIGN_IDENTITY[sdk=iphoneos*]" = "iPhone Developer";
				COPY_PHASE_STRIP = NO;
				DEBUG_INFORMATION_FORMAT = dwarf;
				ENABLE_STRICT_OBJC_MSGSEND = YES;
				ENABLE_TESTABILITY = YES;
				GCC_C_LANGUAGE_STANDARD = gnu99;
				GCC_DYNAMIC_NO_PIC = NO;
				GCC_NO_COMMON_BLOCKS = YES;
				GCC_OPTIMIZATION_LEVEL = 0;
				GCC_PREPROCESSOR_DEFINITIONS = (
					"DEBUG=1",
					"$(inherited)",
				);
				GCC_WARN_64_TO_32_BIT_CONVERSION = YES;
				GCC_WARN_ABOUT_RETURN_TYPE = YES_ERROR;
				GCC_WARN_UNDECLARED_SELECTOR = YES;
				GCC_WARN_UNINITIALIZED_AUTOS = YES_AGGRESSIVE;
				GCC_WARN_UNUSED_FUNCTION = YES;
				GCC_WARN_UNUSED_VARIABLE = YES;
				IPHONEOS_DEPLOYMENT_TARGET = 9.3;
				MTL_ENABLE_DEBUG_INFO = YES;
				ONLY_ACTIVE_ARCH = YES;
				SDKROOT = iphoneos;
				SWIFT_OPTIMIZATION_LEVEL = "-Onone";
			};
			name = Debug;
		};
		65F73EB11D294D6A004227CC /* Release */ = {
			isa = XCBuildConfiguration;
			buildSettings = {
				ALWAYS_SEARCH_USER_PATHS = NO;
				CLANG_ANALYZER_NONNULL = YES;
				CLANG_CXX_LANGUAGE_STANDARD = "gnu++0x";
				CLANG_CXX_LIBRARY = "libc++";
				CLANG_ENABLE_MODULES = YES;
				CLANG_ENABLE_OBJC_ARC = YES;
				CLANG_WARN_BOOL_CONVERSION = YES;
				CLANG_WARN_CONSTANT_CONVERSION = YES;
				CLANG_WARN_DIRECT_OBJC_ISA_USAGE = YES_ERROR;
				CLANG_WARN_EMPTY_BODY = YES;
				CLANG_WARN_ENUM_CONVERSION = YES;
				CLANG_WARN_INT_CONVERSION = YES;
				CLANG_WARN_OBJC_ROOT_CLASS = YES_ERROR;
				CLANG_WARN_UNREACHABLE_CODE = YES;
				CLANG_WARN__DUPLICATE_METHOD_MATCH = YES;
				"CODE_SIGN_IDENTITY[sdk=iphoneos*]" = "iPhone Developer";
				COPY_PHASE_STRIP = NO;
				DEBUG_INFORMATION_FORMAT = "dwarf-with-dsym";
				ENABLE_NS_ASSERTIONS = NO;
				ENABLE_STRICT_OBJC_MSGSEND = YES;
				GCC_C_LANGUAGE_STANDARD = gnu99;
				GCC_NO_COMMON_BLOCKS = YES;
				GCC_WARN_64_TO_32_BIT_CONVERSION = YES;
				GCC_WARN_ABOUT_RETURN_TYPE = YES_ERROR;
				GCC_WARN_UNDECLARED_SELECTOR = YES;
				GCC_WARN_UNINITIALIZED_AUTOS = YES_AGGRESSIVE;
				GCC_WARN_UNUSED_FUNCTION = YES;
				GCC_WARN_UNUSED_VARIABLE = YES;
				IPHONEOS_DEPLOYMENT_TARGET = 9.3;
				MTL_ENABLE_DEBUG_INFO = NO;
				SDKROOT = iphoneos;
				VALIDATE_PRODUCT = YES;
			};
			name = Release;
		};
		65F73EB31D294D6A004227CC /* Debug */ = {
			isa = XCBuildConfiguration;
			buildSettings = {
				ASSETCATALOG_COMPILER_APPICON_NAME = AppIcon;
				CODE_SIGN_IDENTITY = "iPhone Developer";
				"CODE_SIGN_IDENTITY[sdk=iphoneos*]" = "iPhone Developer";
				INFOPLIST_FILE = "War Card/Info.plist";
				LD_RUNPATH_SEARCH_PATHS = "$(inherited) @executable_path/Frameworks";
				PRODUCT_BUNDLE_IDENTIFIER = "com.Daniel-illecas.War";
				PRODUCT_NAME = War;
				PROVISIONING_PROFILE = "";
			};
			name = Debug;
		};
		65F73EB41D294D6A004227CC /* Release */ = {
			isa = XCBuildConfiguration;
			buildSettings = {
				ASSETCATALOG_COMPILER_APPICON_NAME = AppIcon;
				CODE_SIGN_IDENTITY = "iPhone Developer";
				"CODE_SIGN_IDENTITY[sdk=iphoneos*]" = "iPhone Developer";
				INFOPLIST_FILE = "War Card/Info.plist";
				LD_RUNPATH_SEARCH_PATHS = "$(inherited) @executable_path/Frameworks";
				PRODUCT_BUNDLE_IDENTIFIER = "com.Daniel-illecas.War";
				PRODUCT_NAME = War;
				PROVISIONING_PROFILE = "";
			};
			name = Release;
		};
/* End XCBuildConfiguration section */

/* Begin XCConfigurationList section */
		65F73E9B1D294D6A004227CC /* Build configuration list for PBXProject "War" */ = {
			isa = XCConfigurationList;
			buildConfigurations = (
				65F73EB01D294D6A004227CC /* Debug */,
				65F73EB11D294D6A004227CC /* Release */,
			);
			defaultConfigurationIsVisible = 0;
			defaultConfigurationName = Release;
		};
		65F73EB21D294D6A004227CC /* Build configuration list for PBXNativeTarget "War" */ = {
			isa = XCConfigurationList;
			buildConfigurations = (
				65F73EB31D294D6A004227CC /* Debug */,
				65F73EB41D294D6A004227CC /* Release */,
			);
			defaultConfigurationIsVisible = 0;
			defaultConfigurationName = Release;
		};
/* End XCConfigurationList section */
	};
	rootObject = 65F73E981D294D6A004227CC /* Project object */;
}
